
Microsoft Visual Studio Solution File, Format Version 12.00
# Visual Studio Version 16
VisualStudioVersion = 16.0.30413.136
MinimumVisualStudioVersion = 10.0.40219.1
Project("{9A19103F-16F7-4668-BE54-9A1E7A4F7556}") = "BusinessLogicLayer", "BusinessLogicLayer\BusinessLogicLayer.csproj", "{BCD146E6-2C81-4C7B-9940-041E2704964D}"
EndProject
Project("{9A19103F-16F7-4668-BE54-9A1E7A4F7556}") = "MediaConverter", "MediaConverter\MediaConverter.csproj", "{842506CA-4634-48AA-9A44-D80B0C4C8303}"
EndProject
Project("{FAE04EC0-301F-11D3-BF4B-00C04F79EFBC}") = "MediaConverterTest", "MediaConverterTest\MediaConverterTest.csproj", "{C68D08D5-0792-4523-8BF1-5C0DD76A7190}"
EndProject
Global
	GlobalSection(SolutionConfigurationPlatforms) = preSolution
		Debug|Any CPU = Debug|Any CPU
		Release|Any CPU = Release|Any CPU
	EndGlobalSection
	GlobalSection(ProjectConfigurationPlatforms) = postSolution
		{BCD146E6-2C81-4C7B-9940-041E2704964D}.Debug|Any CPU.ActiveCfg = Debug|Any CPU
		{BCD146E6-2C81-4C7B-9940-041E2704964D}.Debug|Any CPU.Build.0 = Debug|Any CPU
		{BCD146E6-2C81-4C7B-9940-041E2704964D}.Release|Any CPU.ActiveCfg = Release|Any CPU
		{BCD146E6-2C81-4C7B-9940-041E2704964D}.Release|Any CPU.Build.0 = Release|Any CPU
		{842506CA-4634-48AA-9A44-D80B0C4C8303}.Debug|Any CPU.ActiveCfg = Debug|Any CPU
		{842506CA-4634-48AA-9A44-D80B0C4C8303}.Debug|Any CPU.Build.0 = Debug|Any CPU
		{842506CA-4634-48AA-9A44-D80B0C4C8303}.Release|Any CPU.ActiveCfg = Release|Any CPU
		{842506CA-4634-48AA-9A44-D80B0C4C8303}.Release|Any CPU.Build.0 = Release|Any CPU
		{C68D08D5-0792-4523-8BF1-5C0DD76A7190}.Debug|Any CPU.ActiveCfg = Debug|Any CPU
		{C68D08D5-0792-4523-8BF1-5C0DD76A7190}.Debug|Any CPU.Build.0 = Debug|Any CPU
		{C68D08D5-0792-4523-8BF1-5C0DD76A7190}.Release|Any CPU.ActiveCfg = Release|Any CPU
		{C68D08D5-0792-4523-8BF1-5C0DD76A7190}.Release|Any CPU.Build.0 = Release|Any CPU
	EndGlobalSection
	GlobalSection(SolutionProperties) = preSolution
		HideSolutionNode = FALSE
	EndGlobalSection
	GlobalSection(ExtensibilityGlobals) = postSolution
		SolutionGuid = {B544C89F-6E5B-4F63-93AE-AF8F80691668}
	EndGlobalSection
EndGlobal
