
Microsoft Visual Studio Solution File, Format Version 12.00
# Visual Studio Version 16
VisualStudioVersion = 16.0.30413.136
MinimumVisualStudioVersion = 10.0.40219.1
Project("{9A19103F-16F7-4668-BE54-9A1E7A4F7556}") = "MediaManager", "MediaManager\MediaManager.csproj", "{8CEE8B96-F51E-496D-845C-4DB5ECC8D418}"
EndProject
Project("{FAE04EC0-301F-11D3-BF4B-00C04F79EFBC}") = "BusinessLogicLayer", "BusinessLogicLayer\BusinessLogicLayer.csproj", "{BCD146E6-2C81-4C7B-9940-041E2704964D}"
EndProject
Project("{FAE04EC0-301F-11D3-BF4B-00C04F79EFBC}") = "MediaManagerTest", "MediaManagerTest\MediaManagerTest.csproj", "{9F7938FB-3235-4326-BE69-C7A826C99E74}"
EndProject
Global
	GlobalSection(SolutionConfigurationPlatforms) = preSolution
		Debug|Any CPU = Debug|Any CPU
		Release|Any CPU = Release|Any CPU
	EndGlobalSection
	GlobalSection(ProjectConfigurationPlatforms) = postSolution
		{8CEE8B96-F51E-496D-845C-4DB5ECC8D418}.Debug|Any CPU.ActiveCfg = Debug|Any CPU
		{8CEE8B96-F51E-496D-845C-4DB5ECC8D418}.Debug|Any CPU.Build.0 = Debug|Any CPU
		{8CEE8B96-F51E-496D-845C-4DB5ECC8D418}.Release|Any CPU.ActiveCfg = Release|Any CPU
		{8CEE8B96-F51E-496D-845C-4DB5ECC8D418}.Release|Any CPU.Build.0 = Release|Any CPU
		{BCD146E6-2C81-4C7B-9940-041E2704964D}.Debug|Any CPU.ActiveCfg = Debug|Any CPU
		{BCD146E6-2C81-4C7B-9940-041E2704964D}.Debug|Any CPU.Build.0 = Debug|Any CPU
		{BCD146E6-2C81-4C7B-9940-041E2704964D}.Release|Any CPU.ActiveCfg = Release|Any CPU
		{BCD146E6-2C81-4C7B-9940-041E2704964D}.Release|Any CPU.Build.0 = Release|Any CPU
		{9F7938FB-3235-4326-BE69-C7A826C99E74}.Debug|Any CPU.ActiveCfg = Debug|Any CPU
		{9F7938FB-3235-4326-BE69-C7A826C99E74}.Debug|Any CPU.Build.0 = Debug|Any CPU
		{9F7938FB-3235-4326-BE69-C7A826C99E74}.Release|Any CPU.ActiveCfg = Release|Any CPU
		{9F7938FB-3235-4326-BE69-C7A826C99E74}.Release|Any CPU.Build.0 = Release|Any CPU
	EndGlobalSection
	GlobalSection(SolutionProperties) = preSolution
		HideSolutionNode = FALSE
	EndGlobalSection
	GlobalSection(ExtensibilityGlobals) = postSolution
		SolutionGuid = {B544C89F-6E5B-4F63-93AE-AF8F80691668}
	EndGlobalSection
EndGlobal
